// !$*UTF8*$!
{
	archiveVersion = 1;
	classes = {
	};
	objectVersion = 48;
	objects = {

/* Begin PBXBuildFile section */
		60E4DACA215BCC3A00B9833A /* AppDelegate.swift in Sources */ = {isa = PBXBuildFile; fileRef = 60E4DAC9215BCC3A00B9833A /* AppDelegate.swift */; };
		60E4DACC215BCC3A00B9833A /* MoviesVC.swift in Sources */ = {isa = PBXBuildFile; fileRef = 60E4DACB215BCC3A00B9833A /* MoviesVC.swift */; };
		60E4DACF215BCC3A00B9833A /* Main.storyboard in Resources */ = {isa = PBXBuildFile; fileRef = 60E4DACD215BCC3A00B9833A /* Main.storyboard */; };
		60E4DAD2215BCC3A00B9833A /* rxswift_1.xcdatamodeld in Sources */ = {isa = PBXBuildFile; fileRef = 60E4DAD0215BCC3A00B9833A /* rxswift_1.xcdatamodeld */; };
		60E4DAD4215BCC3A00B9833A /* Assets.xcassets in Resources */ = {isa = PBXBuildFile; fileRef = 60E4DAD3215BCC3A00B9833A /* Assets.xcassets */; };
		60E4DAD7215BCC3A00B9833A /* LaunchScreen.storyboard in Resources */ = {isa = PBXBuildFile; fileRef = 60E4DAD5215BCC3A00B9833A /* LaunchScreen.storyboard */; };
		60E4DAE2215BCC3A00B9833A /* rxswift_1Tests.swift in Sources */ = {isa = PBXBuildFile; fileRef = 60E4DAE1215BCC3A00B9833A /* rxswift_1Tests.swift */; };
		60E4DAED215BCC3A00B9833A /* rxswift_1UITests.swift in Sources */ = {isa = PBXBuildFile; fileRef = 60E4DAEC215BCC3A00B9833A /* rxswift_1UITests.swift */; };
		60E4DB00215CDE5600B9833A /* Constants.swift in Sources */ = {isa = PBXBuildFile; fileRef = 60E4DAFF215CDE5600B9833A /* Constants.swift */; };
		60E4DB02215CE29B00B9833A /* MovieCell.swift in Sources */ = {isa = PBXBuildFile; fileRef = 60E4DB01215CE29B00B9833A /* MovieCell.swift */; };
		60E4DB04215CE4A100B9833A /* Movie.swift in Sources */ = {isa = PBXBuildFile; fileRef = 60E4DB03215CE4A100B9833A /* Movie.swift */; };
		66E18BC741BF49E23F2F0253 /* Pods_rxswift_1.framework in Frameworks */ = {isa = PBXBuildFile; fileRef = 46C00C39FFE46538125A98B3 /* Pods_rxswift_1.framework */; };
		B882A08276D83B03D5CFBEB1 /* Pods_rxswift_1UITests.framework in Frameworks */ = {isa = PBXBuildFile; fileRef = 76A77FF815CBFA17AF5E6E37 /* Pods_rxswift_1UITests.framework */; };
		CC1B710AACB6257DE083546D /* Pods_rxswift_1Tests.framework in Frameworks */ = {isa = PBXBuildFile; fileRef = 8B6AF1AAA2DBD181B03021E9 /* Pods_rxswift_1Tests.framework */; };
/* End PBXBuildFile section */

/* Begin PBXContainerItemProxy section */
		60E4DADE215BCC3A00B9833A /* PBXContainerItemProxy */ = {
			isa = PBXContainerItemProxy;
			containerPortal = 60E4DABE215BCC3A00B9833A /* Project object */;
			proxyType = 1;
			remoteGlobalIDString = 60E4DAC5215BCC3A00B9833A;
			remoteInfo = "rxswift-1";
		};
		60E4DAE9215BCC3A00B9833A /* PBXContainerItemProxy */ = {
			isa = PBXContainerItemProxy;
			containerPortal = 60E4DABE215BCC3A00B9833A /* Project object */;
			proxyType = 1;
			remoteGlobalIDString = 60E4DAC5215BCC3A00B9833A;
			remoteInfo = "rxswift-1";
		};
/* End PBXContainerItemProxy section */

/* Begin PBXFileReference section */
		12B4050E71AF137AFBF821E6 /* Pods-rxswift-1UITests.release.xcconfig */ = {isa = PBXFileReference; includeInIndex = 1; lastKnownFileType = text.xcconfig; name = "Pods-rxswift-1UITests.release.xcconfig"; path = "Pods/Target Support Files/Pods-rxswift-1UITests/Pods-rxswift-1UITests.release.xcconfig"; sourceTree = "<group>"; };
		1BA804E0811558BA97A2166C /* Pods-rxswift-1Tests.debug.xcconfig */ = {isa = PBXFileReference; includeInIndex = 1; lastKnownFileType = text.xcconfig; name = "Pods-rxswift-1Tests.debug.xcconfig"; path = "Pods/Target Support Files/Pods-rxswift-1Tests/Pods-rxswift-1Tests.debug.xcconfig"; sourceTree = "<group>"; };
		46C00C39FFE46538125A98B3 /* Pods_rxswift_1.framework */ = {isa = PBXFileReference; explicitFileType = wrapper.framework; includeInIndex = 0; path = Pods_rxswift_1.framework; sourceTree = BUILT_PRODUCTS_DIR; };
		5DF2AE84D26BC60CC784F33A /* Pods-rxswift-1UITests.debug.xcconfig */ = {isa = PBXFileReference; includeInIndex = 1; lastKnownFileType = text.xcconfig; name = "Pods-rxswift-1UITests.debug.xcconfig"; path = "Pods/Target Support Files/Pods-rxswift-1UITests/Pods-rxswift-1UITests.debug.xcconfig"; sourceTree = "<group>"; };
		60E4DAC6215BCC3A00B9833A /* rxswift-1.app */ = {isa = PBXFileReference; explicitFileType = wrapper.application; includeInIndex = 0; path = "rxswift-1.app"; sourceTree = BUILT_PRODUCTS_DIR; };
		60E4DAC9215BCC3A00B9833A /* AppDelegate.swift */ = {isa = PBXFileReference; lastKnownFileType = sourcecode.swift; path = AppDelegate.swift; sourceTree = "<group>"; };
		60E4DACB215BCC3A00B9833A /* MoviesVC.swift */ = {isa = PBXFileReference; lastKnownFileType = sourcecode.swift; path = MoviesVC.swift; sourceTree = "<group>"; };
		60E4DACE215BCC3A00B9833A /* Base */ = {isa = PBXFileReference; lastKnownFileType = file.storyboard; name = Base; path = Base.lproj/Main.storyboard; sourceTree = "<group>"; };
		60E4DAD1215BCC3A00B9833A /* rxswift_1.xcdatamodel */ = {isa = PBXFileReference; lastKnownFileType = wrapper.xcdatamodel; path = rxswift_1.xcdatamodel; sourceTree = "<group>"; };
		60E4DAD3215BCC3A00B9833A /* Assets.xcassets */ = {isa = PBXFileReference; lastKnownFileType = folder.assetcatalog; path = Assets.xcassets; sourceTree = "<group>"; };
		60E4DAD6215BCC3A00B9833A /* Base */ = {isa = PBXFileReference; lastKnownFileType = file.storyboard; name = Base; path = Base.lproj/LaunchScreen.storyboard; sourceTree = "<group>"; };
		60E4DAD8215BCC3A00B9833A /* Info.plist */ = {isa = PBXFileReference; lastKnownFileType = text.plist.xml; path = Info.plist; sourceTree = "<group>"; };
		60E4DADD215BCC3A00B9833A /* rxswift-1Tests.xctest */ = {isa = PBXFileReference; explicitFileType = wrapper.cfbundle; includeInIndex = 0; path = "rxswift-1Tests.xctest"; sourceTree = BUILT_PRODUCTS_DIR; };
		60E4DAE1215BCC3A00B9833A /* rxswift_1Tests.swift */ = {isa = PBXFileReference; lastKnownFileType = sourcecode.swift; path = rxswift_1Tests.swift; sourceTree = "<group>"; };
		60E4DAE3215BCC3A00B9833A /* Info.plist */ = {isa = PBXFileReference; lastKnownFileType = text.plist.xml; path = Info.plist; sourceTree = "<group>"; };
		60E4DAE8215BCC3A00B9833A /* rxswift-1UITests.xctest */ = {isa = PBXFileReference; explicitFileType = wrapper.cfbundle; includeInIndex = 0; path = "rxswift-1UITests.xctest"; sourceTree = BUILT_PRODUCTS_DIR; };
		60E4DAEC215BCC3A00B9833A /* rxswift_1UITests.swift */ = {isa = PBXFileReference; lastKnownFileType = sourcecode.swift; path = rxswift_1UITests.swift; sourceTree = "<group>"; };
		60E4DAEE215BCC3A00B9833A /* Info.plist */ = {isa = PBXFileReference; lastKnownFileType = text.plist.xml; path = Info.plist; sourceTree = "<group>"; };
		60E4DAFF215CDE5600B9833A /* Constants.swift */ = {isa = PBXFileReference; lastKnownFileType = sourcecode.swift; path = Constants.swift; sourceTree = "<group>"; };
		60E4DB01215CE29B00B9833A /* MovieCell.swift */ = {isa = PBXFileReference; lastKnownFileType = sourcecode.swift; path = MovieCell.swift; sourceTree = "<group>"; };
		60E4DB03215CE4A100B9833A /* Movie.swift */ = {isa = PBXFileReference; lastKnownFileType = sourcecode.swift; path = Movie.swift; sourceTree = "<group>"; };
		76A77FF815CBFA17AF5E6E37 /* Pods_rxswift_1UITests.framework */ = {isa = PBXFileReference; explicitFileType = wrapper.framework; includeInIndex = 0; path = Pods_rxswift_1UITests.framework; sourceTree = BUILT_PRODUCTS_DIR; };
		8B6AF1AAA2DBD181B03021E9 /* Pods_rxswift_1Tests.framework */ = {isa = PBXFileReference; explicitFileType = wrapper.framework; includeInIndex = 0; path = Pods_rxswift_1Tests.framework; sourceTree = BUILT_PRODUCTS_DIR; };
		8FF01CB16F8137C0A9A95E8F /* Pods-rxswift-1Tests.release.xcconfig */ = {isa = PBXFileReference; includeInIndex = 1; lastKnownFileType = text.xcconfig; name = "Pods-rxswift-1Tests.release.xcconfig"; path = "Pods/Target Support Files/Pods-rxswift-1Tests/Pods-rxswift-1Tests.release.xcconfig"; sourceTree = "<group>"; };
		BAFD8A1D29A71E280202B120 /* Pods-rxswift-1.release.xcconfig */ = {isa = PBXFileReference; includeInIndex = 1; lastKnownFileType = text.xcconfig; name = "Pods-rxswift-1.release.xcconfig"; path = "Pods/Target Support Files/Pods-rxswift-1/Pods-rxswift-1.release.xcconfig"; sourceTree = "<group>"; };
		DA66F0614F76CFA628DD34EB /* Pods-rxswift-1.debug.xcconfig */ = {isa = PBXFileReference; includeInIndex = 1; lastKnownFileType = text.xcconfig; name = "Pods-rxswift-1.debug.xcconfig"; path = "Pods/Target Support Files/Pods-rxswift-1/Pods-rxswift-1.debug.xcconfig"; sourceTree = "<group>"; };
/* End PBXFileReference section */

/* Begin PBXFrameworksBuildPhase section */
		60E4DAC3215BCC3A00B9833A /* Frameworks */ = {
			isa = PBXFrameworksBuildPhase;
			buildActionMask = 2147483647;
			files = (
				66E18BC741BF49E23F2F0253 /* Pods_rxswift_1.framework in Frameworks */,
			);
			runOnlyForDeploymentPostprocessing = 0;
		};
		60E4DADA215BCC3A00B9833A /* Frameworks */ = {
			isa = PBXFrameworksBuildPhase;
			buildActionMask = 2147483647;
			files = (
				CC1B710AACB6257DE083546D /* Pods_rxswift_1Tests.framework in Frameworks */,
			);
			runOnlyForDeploymentPostprocessing = 0;
		};
		60E4DAE5215BCC3A00B9833A /* Frameworks */ = {
			isa = PBXFrameworksBuildPhase;
			buildActionMask = 2147483647;
			files = (
				B882A08276D83B03D5CFBEB1 /* Pods_rxswift_1UITests.framework in Frameworks */,
			);
			runOnlyForDeploymentPostprocessing = 0;
		};
/* End PBXFrameworksBuildPhase section */

/* Begin PBXGroup section */
		60E4DABD215BCC3A00B9833A = {
			isa = PBXGroup;
			children = (
				60E4DAC8215BCC3A00B9833A /* rxswift-1 */,
				60E4DAE0215BCC3A00B9833A /* rxswift-1Tests */,
				60E4DAEB215BCC3A00B9833A /* rxswift-1UITests */,
				60E4DAC7215BCC3A00B9833A /* Products */,
				87DFB70E98F662243B82F45E /* Pods */,
				9B54522B60BAAC89DF115C3E /* Frameworks */,
			);
			sourceTree = "<group>";
		};
		60E4DAC7215BCC3A00B9833A /* Products */ = {
			isa = PBXGroup;
			children = (
				60E4DAC6215BCC3A00B9833A /* rxswift-1.app */,
				60E4DADD215BCC3A00B9833A /* rxswift-1Tests.xctest */,
				60E4DAE8215BCC3A00B9833A /* rxswift-1UITests.xctest */,
			);
			name = Products;
			sourceTree = "<group>";
		};
		60E4DAC8215BCC3A00B9833A /* rxswift-1 */ = {
			isa = PBXGroup;
			children = (
				60E4DAFD215CDE3D00B9833A /* Utilities */,
				60E4DAFA215CDBC900B9833A /* Model */,
				60E4DAFB215CDBD500B9833A /* View */,
				60E4DAFC215CDBDE00B9833A /* Controller */,
				60E4DAD3215BCC3A00B9833A /* Assets.xcassets */,
				60E4DAD8215BCC3A00B9833A /* Info.plist */,
			);
			path = "rxswift-1";
			sourceTree = "<group>";
		};
		60E4DAE0215BCC3A00B9833A /* rxswift-1Tests */ = {
			isa = PBXGroup;
			children = (
				60E4DAE1215BCC3A00B9833A /* rxswift_1Tests.swift */,
				60E4DAE3215BCC3A00B9833A /* Info.plist */,
			);
			path = "rxswift-1Tests";
			sourceTree = "<group>";
		};
		60E4DAEB215BCC3A00B9833A /* rxswift-1UITests */ = {
			isa = PBXGroup;
			children = (
				60E4DAEC215BCC3A00B9833A /* rxswift_1UITests.swift */,
				60E4DAEE215BCC3A00B9833A /* Info.plist */,
			);
			path = "rxswift-1UITests";
			sourceTree = "<group>";
		};
		60E4DAFA215CDBC900B9833A /* Model */ = {
			isa = PBXGroup;
			children = (
				60E4DAD0215BCC3A00B9833A /* rxswift_1.xcdatamodeld */,
				60E4DB03215CE4A100B9833A /* Movie.swift */,
			);
			path = Model;
			sourceTree = "<group>";
		};
		60E4DAFB215CDBD500B9833A /* View */ = {
			isa = PBXGroup;
			children = (
				60E4DACD215BCC3A00B9833A /* Main.storyboard */,
				60E4DAD5215BCC3A00B9833A /* LaunchScreen.storyboard */,
				60E4DB01215CE29B00B9833A /* MovieCell.swift */,
			);
			path = View;
			sourceTree = "<group>";
		};
		60E4DAFC215CDBDE00B9833A /* Controller */ = {
			isa = PBXGroup;
			children = (
				60E4DAC9215BCC3A00B9833A /* AppDelegate.swift */,
				60E4DACB215BCC3A00B9833A /* MoviesVC.swift */,
			);
			path = Controller;
			sourceTree = "<group>";
		};
		60E4DAFD215CDE3D00B9833A /* Utilities */ = {
			isa = PBXGroup;
			children = (
				60E4DAFF215CDE5600B9833A /* Constants.swift */,
			);
			path = Utilities;
			sourceTree = "<group>";
		};
		87DFB70E98F662243B82F45E /* Pods */ = {
			isa = PBXGroup;
			children = (
				DA66F0614F76CFA628DD34EB /* Pods-rxswift-1.debug.xcconfig */,
				BAFD8A1D29A71E280202B120 /* Pods-rxswift-1.release.xcconfig */,
				1BA804E0811558BA97A2166C /* Pods-rxswift-1Tests.debug.xcconfig */,
				8FF01CB16F8137C0A9A95E8F /* Pods-rxswift-1Tests.release.xcconfig */,
				5DF2AE84D26BC60CC784F33A /* Pods-rxswift-1UITests.debug.xcconfig */,
				12B4050E71AF137AFBF821E6 /* Pods-rxswift-1UITests.release.xcconfig */,
			);
			name = Pods;
			sourceTree = "<group>";
		};
		9B54522B60BAAC89DF115C3E /* Frameworks */ = {
			isa = PBXGroup;
			children = (
				46C00C39FFE46538125A98B3 /* Pods_rxswift_1.framework */,
				8B6AF1AAA2DBD181B03021E9 /* Pods_rxswift_1Tests.framework */,
				76A77FF815CBFA17AF5E6E37 /* Pods_rxswift_1UITests.framework */,
			);
			name = Frameworks;
			sourceTree = "<group>";
		};
/* End PBXGroup section */

/* Begin PBXNativeTarget section */
		60E4DAC5215BCC3A00B9833A /* rxswift-1 */ = {
			isa = PBXNativeTarget;
			buildConfigurationList = 60E4DAF1215BCC3A00B9833A /* Build configuration list for PBXNativeTarget "rxswift-1" */;
			buildPhases = (
				41180CB3D4AD07CFAE2B364D /* [CP] Check Pods Manifest.lock */,
				60E4DAC2215BCC3A00B9833A /* Sources */,
				60E4DAC3215BCC3A00B9833A /* Frameworks */,
				60E4DAC4215BCC3A00B9833A /* Resources */,
				879896F9B52EB81EDF61BEB8 /* [CP] Embed Pods Frameworks */,
			);
			buildRules = (
			);
			dependencies = (
			);
			name = "rxswift-1";
			productName = "rxswift-1";
			productReference = 60E4DAC6215BCC3A00B9833A /* rxswift-1.app */;
			productType = "com.apple.product-type.application";
		};
		60E4DADC215BCC3A00B9833A /* rxswift-1Tests */ = {
			isa = PBXNativeTarget;
			buildConfigurationList = 60E4DAF4215BCC3A00B9833A /* Build configuration list for PBXNativeTarget "rxswift-1Tests" */;
			buildPhases = (
				0B84B6CFE795054C2AA1039A /* [CP] Check Pods Manifest.lock */,
				60E4DAD9215BCC3A00B9833A /* Sources */,
				60E4DADA215BCC3A00B9833A /* Frameworks */,
				60E4DADB215BCC3A00B9833A /* Resources */,
			);
			buildRules = (
			);
			dependencies = (
				60E4DADF215BCC3A00B9833A /* PBXTargetDependency */,
			);
			name = "rxswift-1Tests";
			productName = "rxswift-1Tests";
			productReference = 60E4DADD215BCC3A00B9833A /* rxswift-1Tests.xctest */;
			productType = "com.apple.product-type.bundle.unit-test";
		};
		60E4DAE7215BCC3A00B9833A /* rxswift-1UITests */ = {
			isa = PBXNativeTarget;
			buildConfigurationList = 60E4DAF7215BCC3A00B9833A /* Build configuration list for PBXNativeTarget "rxswift-1UITests" */;
			buildPhases = (
				38322501A2CA1C4B400E7520 /* [CP] Check Pods Manifest.lock */,
				60E4DAE4215BCC3A00B9833A /* Sources */,
				60E4DAE5215BCC3A00B9833A /* Frameworks */,
				60E4DAE6215BCC3A00B9833A /* Resources */,
			);
			buildRules = (
			);
			dependencies = (
				60E4DAEA215BCC3A00B9833A /* PBXTargetDependency */,
			);
			name = "rxswift-1UITests";
			productName = "rxswift-1UITests";
			productReference = 60E4DAE8215BCC3A00B9833A /* rxswift-1UITests.xctest */;
			productType = "com.apple.product-type.bundle.ui-testing";
		};
/* End PBXNativeTarget section */

/* Begin PBXProject section */
		60E4DABE215BCC3A00B9833A /* Project object */ = {
			isa = PBXProject;
			attributes = {
				LastSwiftUpdateCheck = 0920;
				LastUpgradeCheck = 0920;
				ORGANIZATIONNAME = McL;
				TargetAttributes = {
					60E4DAC5215BCC3A00B9833A = {
						CreatedOnToolsVersion = 9.2;
						ProvisioningStyle = Automatic;
					};
					60E4DADC215BCC3A00B9833A = {
						CreatedOnToolsVersion = 9.2;
						ProvisioningStyle = Automatic;
						TestTargetID = 60E4DAC5215BCC3A00B9833A;
					};
					60E4DAE7215BCC3A00B9833A = {
						CreatedOnToolsVersion = 9.2;
						ProvisioningStyle = Automatic;
						TestTargetID = 60E4DAC5215BCC3A00B9833A;
					};
				};
			};
			buildConfigurationList = 60E4DAC1215BCC3A00B9833A /* Build configuration list for PBXProject "rxswift-1" */;
			compatibilityVersion = "Xcode 8.0";
			developmentRegion = en;
			hasScannedForEncodings = 0;
			knownRegions = (
				en,
				Base,
			);
			mainGroup = 60E4DABD215BCC3A00B9833A;
			productRefGroup = 60E4DAC7215BCC3A00B9833A /* Products */;
			projectDirPath = "";
			projectRoot = "";
			targets = (
				60E4DAC5215BCC3A00B9833A /* rxswift-1 */,
				60E4DADC215BCC3A00B9833A /* rxswift-1Tests */,
				60E4DAE7215BCC3A00B9833A /* rxswift-1UITests */,
			);
		};
/* End PBXProject section */

/* Begin PBXResourcesBuildPhase section */
		60E4DAC4215BCC3A00B9833A /* Resources */ = {
			isa = PBXResourcesBuildPhase;
			buildActionMask = 2147483647;
			files = (
				60E4DAD7215BCC3A00B9833A /* LaunchScreen.storyboard in Resources */,
				60E4DAD4215BCC3A00B9833A /* Assets.xcassets in Resources */,
				60E4DACF215BCC3A00B9833A /* Main.storyboard in Resources */,
			);
			runOnlyForDeploymentPostprocessing = 0;
		};
		60E4DADB215BCC3A00B9833A /* Resources */ = {
			isa = PBXResourcesBuildPhase;
			buildActionMask = 2147483647;
			files = (
			);
			runOnlyForDeploymentPostprocessing = 0;
		};
		60E4DAE6215BCC3A00B9833A /* Resources */ = {
			isa = PBXResourcesBuildPhase;
			buildActionMask = 2147483647;
			files = (
			);
			runOnlyForDeploymentPostprocessing = 0;
		};
/* End PBXResourcesBuildPhase section */

/* Begin PBXShellScriptBuildPhase section */
		0B84B6CFE795054C2AA1039A /* [CP] Check Pods Manifest.lock */ = {
			isa = PBXShellScriptBuildPhase;
			buildActionMask = 2147483647;
			files = (
			);
			inputPaths = (
				"${PODS_PODFILE_DIR_PATH}/Podfile.lock",
				"${PODS_ROOT}/Manifest.lock",
			);
			name = "[CP] Check Pods Manifest.lock";
			outputPaths = (
				"$(DERIVED_FILE_DIR)/Pods-rxswift-1Tests-checkManifestLockResult.txt",
			);
			runOnlyForDeploymentPostprocessing = 0;
			shellPath = /bin/sh;
			shellScript = "diff \"${PODS_PODFILE_DIR_PATH}/Podfile.lock\" \"${PODS_ROOT}/Manifest.lock\" > /dev/null\nif [ $? != 0 ] ; then\n    # print error to STDERR\n    echo \"error: The sandbox is not in sync with the Podfile.lock. Run 'pod install' or update your CocoaPods installation.\" >&2\n    exit 1\nfi\n# This output is used by Xcode 'outputs' to avoid re-running this script phase.\necho \"SUCCESS\" > \"${SCRIPT_OUTPUT_FILE_0}\"\n";
			showEnvVarsInLog = 0;
		};
		38322501A2CA1C4B400E7520 /* [CP] Check Pods Manifest.lock */ = {
			isa = PBXShellScriptBuildPhase;
			buildActionMask = 2147483647;
			files = (
			);
			inputPaths = (
				"${PODS_PODFILE_DIR_PATH}/Podfile.lock",
				"${PODS_ROOT}/Manifest.lock",
			);
			name = "[CP] Check Pods Manifest.lock";
			outputPaths = (
				"$(DERIVED_FILE_DIR)/Pods-rxswift-1UITests-checkManifestLockResult.txt",
			);
			runOnlyForDeploymentPostprocessing = 0;
			shellPath = /bin/sh;
			shellScript = "diff \"${PODS_PODFILE_DIR_PATH}/Podfile.lock\" \"${PODS_ROOT}/Manifest.lock\" > /dev/null\nif [ $? != 0 ] ; then\n    # print error to STDERR\n    echo \"error: The sandbox is not in sync with the Podfile.lock. Run 'pod install' or update your CocoaPods installation.\" >&2\n    exit 1\nfi\n# This output is used by Xcode 'outputs' to avoid re-running this script phase.\necho \"SUCCESS\" > \"${SCRIPT_OUTPUT_FILE_0}\"\n";
			showEnvVarsInLog = 0;
		};
		41180CB3D4AD07CFAE2B364D /* [CP] Check Pods Manifest.lock */ = {
			isa = PBXShellScriptBuildPhase;
			buildActionMask = 2147483647;
			files = (
			);
			inputPaths = (
				"${PODS_PODFILE_DIR_PATH}/Podfile.lock",
				"${PODS_ROOT}/Manifest.lock",
			);
			name = "[CP] Check Pods Manifest.lock";
			outputPaths = (
				"$(DERIVED_FILE_DIR)/Pods-rxswift-1-checkManifestLockResult.txt",
			);
			runOnlyForDeploymentPostprocessing = 0;
			shellPath = /bin/sh;
			shellScript = "diff \"${PODS_PODFILE_DIR_PATH}/Podfile.lock\" \"${PODS_ROOT}/Manifest.lock\" > /dev/null\nif [ $? != 0 ] ; then\n    # print error to STDERR\n    echo \"error: The sandbox is not in sync with the Podfile.lock. Run 'pod install' or update your CocoaPods installation.\" >&2\n    exit 1\nfi\n# This output is used by Xcode 'outputs' to avoid re-running this script phase.\necho \"SUCCESS\" > \"${SCRIPT_OUTPUT_FILE_0}\"\n";
			showEnvVarsInLog = 0;
		};
		879896F9B52EB81EDF61BEB8 /* [CP] Embed Pods Frameworks */ = {
			isa = PBXShellScriptBuildPhase;
			buildActionMask = 2147483647;
			files = (
			);
			inputPaths = (
				"${SRCROOT}/Pods/Target Support Files/Pods-rxswift-1/Pods-rxswift-1-frameworks.sh",
				"${BUILT_PRODUCTS_DIR}/Alamofire/Alamofire.framework",
				"${BUILT_PRODUCTS_DIR}/RxCocoa/RxCocoa.framework",
				"${BUILT_PRODUCTS_DIR}/RxSwift/RxSwift.framework",
				"${BUILT_PRODUCTS_DIR}/SwiftyJSON/SwiftyJSON.framework",
			);
			name = "[CP] Embed Pods Frameworks";
			outputPaths = (
				"${TARGET_BUILD_DIR}/${FRAMEWORKS_FOLDER_PATH}/Alamofire.framework",
				"${TARGET_BUILD_DIR}/${FRAMEWORKS_FOLDER_PATH}/RxCocoa.framework",
				"${TARGET_BUILD_DIR}/${FRAMEWORKS_FOLDER_PATH}/RxSwift.framework",
				"${TARGET_BUILD_DIR}/${FRAMEWORKS_FOLDER_PATH}/SwiftyJSON.framework",
			);
			runOnlyForDeploymentPostprocessing = 0;
			shellPath = /bin/sh;
			shellScript = "\"${SRCROOT}/Pods/Target Support Files/Pods-rxswift-1/Pods-rxswift-1-frameworks.sh\"\n";
			showEnvVarsInLog = 0;
		};
/* End PBXShellScriptBuildPhase section */

/* Begin PBXSourcesBuildPhase section */
		60E4DAC2215BCC3A00B9833A /* Sources */ = {
			isa = PBXSourcesBuildPhase;
			buildActionMask = 2147483647;
			files = (
				60E4DAD2215BCC3A00B9833A /* rxswift_1.xcdatamodeld in Sources */,
				60E4DACC215BCC3A00B9833A /* MoviesVC.swift in Sources */,
				60E4DB04215CE4A100B9833A /* Movie.swift in Sources */,
				60E4DACA215BCC3A00B9833A /* AppDelegate.swift in Sources */,
				60E4DB02215CE29B00B9833A /* MovieCell.swift in Sources */,
				60E4DB00215CDE5600B9833A /* Constants.swift in Sources */,
			);
			runOnlyForDeploymentPostprocessing = 0;
		};
		60E4DAD9215BCC3A00B9833A /* Sources */ = {
			isa = PBXSourcesBuildPhase;
			buildActionMask = 2147483647;
			files = (
				60E4DAE2215BCC3A00B9833A /* rxswift_1Tests.swift in Sources */,
			);
			runOnlyForDeploymentPostprocessing = 0;
		};
		60E4DAE4215BCC3A00B9833A /* Sources */ = {
			isa = PBXSourcesBuildPhase;
			buildActionMask = 2147483647;
			files = (
				60E4DAED215BCC3A00B9833A /* rxswift_1UITests.swift in Sources */,
			);
			runOnlyForDeploymentPostprocessing = 0;
		};
/* End PBXSourcesBuildPhase section */

/* Begin PBXTargetDependency section */
		60E4DADF215BCC3A00B9833A /* PBXTargetDependency */ = {
			isa = PBXTargetDependency;
			target = 60E4DAC5215BCC3A00B9833A /* rxswift-1 */;
			targetProxy = 60E4DADE215BCC3A00B9833A /* PBXContainerItemProxy */;
		};
		60E4DAEA215BCC3A00B9833A /* PBXTargetDependency */ = {
			isa = PBXTargetDependency;
			target = 60E4DAC5215BCC3A00B9833A /* rxswift-1 */;
			targetProxy = 60E4DAE9215BCC3A00B9833A /* PBXContainerItemProxy */;
		};
/* End PBXTargetDependency section */

/* Begin PBXVariantGroup section */
		60E4DACD215BCC3A00B9833A /* Main.storyboard */ = {
			isa = PBXVariantGroup;
			children = (
				60E4DACE215BCC3A00B9833A /* Base */,
			);
			name = Main.storyboard;
			sourceTree = "<group>";
		};
		60E4DAD5215BCC3A00B9833A /* LaunchScreen.storyboard */ = {
			isa = PBXVariantGroup;
			children = (
				60E4DAD6215BCC3A00B9833A /* Base */,
			);
			name = LaunchScreen.storyboard;
			sourceTree = "<group>";
		};
/* End PBXVariantGroup section */

/* Begin XCBuildConfiguration section */
		60E4DAEF215BCC3A00B9833A /* Debug */ = {
			isa = XCBuildConfiguration;
			buildSettings = {
				ALWAYS_SEARCH_USER_PATHS = NO;
				CLANG_ANALYZER_NONNULL = YES;
				CLANG_ANALYZER_NUMBER_OBJECT_CONVERSION = YES_AGGRESSIVE;
				CLANG_CXX_LANGUAGE_STANDARD = "gnu++14";
				CLANG_CXX_LIBRARY = "libc++";
				CLANG_ENABLE_MODULES = YES;
				CLANG_ENABLE_OBJC_ARC = YES;
				CLANG_WARN_BLOCK_CAPTURE_AUTORELEASING = YES;
				CLANG_WARN_BOOL_CONVERSION = YES;
				CLANG_WARN_COMMA = YES;
				CLANG_WARN_CONSTANT_CONVERSION = YES;
				CLANG_WARN_DIRECT_OBJC_ISA_USAGE = YES_ERROR;
				CLANG_WARN_DOCUMENTATION_COMMENTS = YES;
				CLANG_WARN_EMPTY_BODY = YES;
				CLANG_WARN_ENUM_CONVERSION = YES;
				CLANG_WARN_INFINITE_RECURSION = YES;
				CLANG_WARN_INT_CONVERSION = YES;
				CLANG_WARN_NON_LITERAL_NULL_CONVERSION = YES;
				CLANG_WARN_OBJC_LITERAL_CONVERSION = YES;
				CLANG_WARN_OBJC_ROOT_CLASS = YES_ERROR;
				CLANG_WARN_RANGE_LOOP_ANALYSIS = YES;
				CLANG_WARN_STRICT_PROTOTYPES = YES;
				CLANG_WARN_SUSPICIOUS_MOVE = YES;
				CLANG_WARN_UNGUARDED_AVAILABILITY = YES_AGGRESSIVE;
				CLANG_WARN_UNREACHABLE_CODE = YES;
				CLANG_WARN__DUPLICATE_METHOD_MATCH = YES;
				CODE_SIGN_IDENTITY = "iPhone Developer";
				COPY_PHASE_STRIP = NO;
				DEBUG_INFORMATION_FORMAT = dwarf;
				ENABLE_STRICT_OBJC_MSGSEND = YES;
				ENABLE_TESTABILITY = YES;
				GCC_C_LANGUAGE_STANDARD = gnu11;
				GCC_DYNAMIC_NO_PIC = NO;
				GCC_NO_COMMON_BLOCKS = YES;
				GCC_OPTIMIZATION_LEVEL = 0;
				GCC_PREPROCESSOR_DEFINITIONS = (
					"DEBUG=1",
					"$(inherited)",
				);
				GCC_WARN_64_TO_32_BIT_CONVERSION = YES;
				GCC_WARN_ABOUT_RETURN_TYPE = YES_ERROR;
				GCC_WARN_UNDECLARED_SELECTOR = YES;
				GCC_WARN_UNINITIALIZED_AUTOS = YES_AGGRESSIVE;
				GCC_WARN_UNUSED_FUNCTION = YES;
				GCC_WARN_UNUSED_VARIABLE = YES;
				IPHONEOS_DEPLOYMENT_TARGET = 11.2;
				MTL_ENABLE_DEBUG_INFO = YES;
				ONLY_ACTIVE_ARCH = YES;
				SDKROOT = iphoneos;
				SWIFT_ACTIVE_COMPILATION_CONDITIONS = DEBUG;
				SWIFT_OPTIMIZATION_LEVEL = "-Onone";
			};
			name = Debug;
		};
		60E4DAF0215BCC3A00B9833A /* Release */ = {
			isa = XCBuildConfiguration;
			buildSettings = {
				ALWAYS_SEARCH_USER_PATHS = NO;
				CLANG_ANALYZER_NONNULL = YES;
				CLANG_ANALYZER_NUMBER_OBJECT_CONVERSION = YES_AGGRESSIVE;
				CLANG_CXX_LANGUAGE_STANDARD = "gnu++14";
				CLANG_CXX_LIBRARY = "libc++";
				CLANG_ENABLE_MODULES = YES;
				CLANG_ENABLE_OBJC_ARC = YES;
				CLANG_WARN_BLOCK_CAPTURE_AUTORELEASING = YES;
				CLANG_WARN_BOOL_CONVERSION = YES;
				CLANG_WARN_COMMA = YES;
				CLANG_WARN_CONSTANT_CONVERSION = YES;
				CLANG_WARN_DIRECT_OBJC_ISA_USAGE = YES_ERROR;
				CLANG_WARN_DOCUMENTATION_COMMENTS = YES;
				CLANG_WARN_EMPTY_BODY = YES;
				CLANG_WARN_ENUM_CONVERSION = YES;
				CLANG_WARN_INFINITE_RECURSION = YES;
				CLANG_WARN_INT_CONVERSION = YES;
				CLANG_WARN_NON_LITERAL_NULL_CONVERSION = YES;
				CLANG_WARN_OBJC_LITERAL_CONVERSION = YES;
				CLANG_WARN_OBJC_ROOT_CLASS = YES_ERROR;
				CLANG_WARN_RANGE_LOOP_ANALYSIS = YES;
				CLANG_WARN_STRICT_PROTOTYPES = YES;
				CLANG_WARN_SUSPICIOUS_MOVE = YES;
				CLANG_WARN_UNGUARDED_AVAILABILITY = YES_AGGRESSIVE;
				CLANG_WARN_UNREACHABLE_CODE = YES;
				CLANG_WARN__DUPLICATE_METHOD_MATCH = YES;
				CODE_SIGN_IDENTITY = "iPhone Developer";
				COPY_PHASE_STRIP = NO;
				DEBUG_INFORMATION_FORMAT = "dwarf-with-dsym";
				ENABLE_NS_ASSERTIONS = NO;
				ENABLE_STRICT_OBJC_MSGSEND = YES;
				GCC_C_LANGUAGE_STANDARD = gnu11;
				GCC_NO_COMMON_BLOCKS = YES;
				GCC_WARN_64_TO_32_BIT_CONVERSION = YES;
				GCC_WARN_ABOUT_RETURN_TYPE = YES_ERROR;
				GCC_WARN_UNDECLARED_SELECTOR = YES;
				GCC_WARN_UNINITIALIZED_AUTOS = YES_AGGRESSIVE;
				GCC_WARN_UNUSED_FUNCTION = YES;
				GCC_WARN_UNUSED_VARIABLE = YES;
				IPHONEOS_DEPLOYMENT_TARGET = 11.2;
				MTL_ENABLE_DEBUG_INFO = NO;
				SDKROOT = iphoneos;
				SWIFT_OPTIMIZATION_LEVEL = "-Owholemodule";
				VALIDATE_PRODUCT = YES;
			};
			name = Release;
		};
		60E4DAF2215BCC3A00B9833A /* Debug */ = {
			isa = XCBuildConfiguration;
			baseConfigurationReference = DA66F0614F76CFA628DD34EB /* Pods-rxswift-1.debug.xcconfig */;
			buildSettings = {
				ASSETCATALOG_COMPILER_APPICON_NAME = AppIcon;
				CODE_SIGN_STYLE = Automatic;
				INFOPLIST_FILE = "rxswift-1/Info.plist";
				LD_RUNPATH_SEARCH_PATHS = "$(inherited) @executable_path/Frameworks";
				PRODUCT_BUNDLE_IDENTIFIER = "noneinc.rxswift-1";
				PRODUCT_NAME = "$(TARGET_NAME)";
				SWIFT_VERSION = 4.0;
				TARGETED_DEVICE_FAMILY = "1,2";
			};
			name = Debug;
		};
		60E4DAF3215BCC3A00B9833A /* Release */ = {
			isa = XCBuildConfiguration;
			baseConfigurationReference = BAFD8A1D29A71E280202B120 /* Pods-rxswift-1.release.xcconfig */;
			buildSettings = {
				ASSETCATALOG_COMPILER_APPICON_NAME = AppIcon;
				CODE_SIGN_STYLE = Automatic;
				INFOPLIST_FILE = "rxswift-1/Info.plist";
				LD_RUNPATH_SEARCH_PATHS = "$(inherited) @executable_path/Frameworks";
				PRODUCT_BUNDLE_IDENTIFIER = "noneinc.rxswift-1";
				PRODUCT_NAME = "$(TARGET_NAME)";
				SWIFT_VERSION = 4.0;
				TARGETED_DEVICE_FAMILY = "1,2";
			};
			name = Release;
		};
		60E4DAF5215BCC3A00B9833A /* Debug */ = {
			isa = XCBuildConfiguration;
			baseConfigurationReference = 1BA804E0811558BA97A2166C /* Pods-rxswift-1Tests.debug.xcconfig */;
			buildSettings = {
				ALWAYS_EMBED_SWIFT_STANDARD_LIBRARIES = YES;
				BUNDLE_LOADER = "$(TEST_HOST)";
				CODE_SIGN_STYLE = Automatic;
				INFOPLIST_FILE = "rxswift-1Tests/Info.plist";
				LD_RUNPATH_SEARCH_PATHS = "$(inherited) @executable_path/Frameworks @loader_path/Frameworks";
				PRODUCT_BUNDLE_IDENTIFIER = "noneinc.rxswift-1Tests";
				PRODUCT_NAME = "$(TARGET_NAME)";
				SWIFT_VERSION = 4.0;
				TARGETED_DEVICE_FAMILY = "1,2";
				TEST_HOST = "$(BUILT_PRODUCTS_DIR)/rxswift-1.app/rxswift-1";
			};
			name = Debug;
		};
		60E4DAF6215BCC3A00B9833A /* Release */ = {
			isa = XCBuildConfiguration;
			baseConfigurationReference = 8FF01CB16F8137C0A9A95E8F /* Pods-rxswift-1Tests.release.xcconfig */;
			buildSettings = {
				ALWAYS_EMBED_SWIFT_STANDARD_LIBRARIES = YES;
				BUNDLE_LOADER = "$(TEST_HOST)";
				CODE_SIGN_STYLE = Automatic;
				INFOPLIST_FILE = "rxswift-1Tests/Info.plist";
				LD_RUNPATH_SEARCH_PATHS = "$(inherited) @executable_path/Frameworks @loader_path/Frameworks";
				PRODUCT_BUNDLE_IDENTIFIER = "noneinc.rxswift-1Tests";
				PRODUCT_NAME = "$(TARGET_NAME)";
				SWIFT_VERSION = 4.0;
				TARGETED_DEVICE_FAMILY = "1,2";
				TEST_HOST = "$(BUILT_PRODUCTS_DIR)/rxswift-1.app/rxswift-1";
			};
			name = Release;
		};
		60E4DAF8215BCC3A00B9833A /* Debug */ = {
			isa = XCBuildConfiguration;
			baseConfigurationReference = 5DF2AE84D26BC60CC784F33A /* Pods-rxswift-1UITests.debug.xcconfig */;
			buildSettings = {
				ALWAYS_EMBED_SWIFT_STANDARD_LIBRARIES = YES;
				CODE_SIGN_STYLE = Automatic;
				INFOPLIST_FILE = "rxswift-1UITests/Info.plist";
				LD_RUNPATH_SEARCH_PATHS = "$(inherited) @executable_path/Frameworks @loader_path/Frameworks";
				PRODUCT_BUNDLE_IDENTIFIER = "noneinc.rxswift-1UITests";
				PRODUCT_NAME = "$(TARGET_NAME)";
				SWIFT_VERSION = 4.0;
				TARGETED_DEVICE_FAMILY = "1,2";
				TEST_TARGET_NAME = "rxswift-1";
			};
			name = Debug;
		};
		60E4DAF9215BCC3A00B9833A /* Release */ = {
			isa = XCBuildConfiguration;
			baseConfigurationReference = 12B4050E71AF137AFBF821E6 /* Pods-rxswift-1UITests.release.xcconfig */;
			buildSettings = {
				ALWAYS_EMBED_SWIFT_STANDARD_LIBRARIES = YES;
				CODE_SIGN_STYLE = Automatic;
				INFOPLIST_FILE = "rxswift-1UITests/Info.plist";
				LD_RUNPATH_SEARCH_PATHS = "$(inherited) @executable_path/Frameworks @loader_path/Frameworks";
				PRODUCT_BUNDLE_IDENTIFIER = "noneinc.rxswift-1UITests";
				PRODUCT_NAME = "$(TARGET_NAME)";
				SWIFT_VERSION = 4.0;
				TARGETED_DEVICE_FAMILY = "1,2";
				TEST_TARGET_NAME = "rxswift-1";
			};
			name = Release;
		};
/* End XCBuildConfiguration section */

/* Begin XCConfigurationList section */
		60E4DAC1215BCC3A00B9833A /* Build configuration list for PBXProject "rxswift-1" */ = {
			isa = XCConfigurationList;
			buildConfigurations = (
				60E4DAEF215BCC3A00B9833A /* Debug */,
				60E4DAF0215BCC3A00B9833A /* Release */,
			);
			defaultConfigurationIsVisible = 0;
			defaultConfigurationName = Release;
		};
		60E4DAF1215BCC3A00B9833A /* Build configuration list for PBXNativeTarget "rxswift-1" */ = {
			isa = XCConfigurationList;
			buildConfigurations = (
				60E4DAF2215BCC3A00B9833A /* Debug */,
				60E4DAF3215BCC3A00B9833A /* Release */,
			);
			defaultConfigurationIsVisible = 0;
			defaultConfigurationName = Release;
		};
		60E4DAF4215BCC3A00B9833A /* Build configuration list for PBXNativeTarget "rxswift-1Tests" */ = {
			isa = XCConfigurationList;
			buildConfigurations = (
				60E4DAF5215BCC3A00B9833A /* Debug */,
				60E4DAF6215BCC3A00B9833A /* Release */,
			);
			defaultConfigurationIsVisible = 0;
			defaultConfigurationName = Release;
		};
		60E4DAF7215BCC3A00B9833A /* Build configuration list for PBXNativeTarget "rxswift-1UITests" */ = {
			isa = XCConfigurationList;
			buildConfigurations = (
				60E4DAF8215BCC3A00B9833A /* Debug */,
				60E4DAF9215BCC3A00B9833A /* Release */,
			);
			defaultConfigurationIsVisible = 0;
			defaultConfigurationName = Release;
		};
/* End XCConfigurationList section */

/* Begin XCVersionGroup section */
		60E4DAD0215BCC3A00B9833A /* rxswift_1.xcdatamodeld */ = {
			isa = XCVersionGroup;
			children = (
				60E4DAD1215BCC3A00B9833A /* rxswift_1.xcdatamodel */,
			);
			currentVersion = 60E4DAD1215BCC3A00B9833A /* rxswift_1.xcdatamodel */;
			path = rxswift_1.xcdatamodeld;
			sourceTree = "<group>";
			versionGroupType = wrapper.xcdatamodel;
		};
/* End XCVersionGroup section */
	};
	rootObject = 60E4DABE215BCC3A00B9833A /* Project object */;
}
